{
  "requires": true,
  "lockfileVersion": 1,
  "dependencies": {
    "gbxml-viewer-basic": {
      "version": "0.5.2",
      "resolved": "https://registry.npmjs.org/gbxml-viewer-basic/-/gbxml-viewer-basic-0.5.2.tgz",
      "integrity": "sha512-wzeOJJuEQvziEgEGrTMgRJeH9qn4Pw5EMB90mew1Cg9r2KbEhwOPT7sWDxkAim1FY2UQOahTaSKEv5PY8sZFNw=="
    },
    "ta-123-npm": {
      "version": "1.0.0",
      "resolved": "https://registry.npmjs.org/ta-123-npm/-/ta-123-npm-1.0.0.tgz",
      "integrity": "sha512-a47ygEJM6CeHiBd4tO2Zhr5AZldw8/XP2ayGzyWHlAf6evWGRXjR7NajGdL8a1r2Y2Khejei94g+7iTjsB1vHw=="
    },
    "three": {
      "version": "0.94.0",
      "resolved": "https://registry.npmjs.org/three/-/three-0.94.0.tgz",
      "integrity": "sha1-TObbfyv795wtc0RKpuPPwIoy12I="
    }
  }
}
